github.com/kardianos/service v1.1.0 h1:QV2SiEeWK42P0aEmGcsAgjApw/lRxkwopvT+Gu6t1/0=
github.com/kardianos/service v1.1.0/go.mod h1:RrJI2xn5vve/r32U5suTbeaSGoMU6GbNPoj36CVYcHc=
github.com/nobonobo/jsonrpc v0.0.0-20170209235827-8af921039dce h1:Rgb7gEYfd5fVSvKFgmdnF4hp6Tr09AWnMFykQwsyX/M=
github.com/nobonobo/jsonrpc v0.0.0-20170209235827-8af921039dce/go.mod h1:5PAa4PoVrJlxqXwe3BwwjrXwtbteN3+wNn+qbYhe+lc=
github.com/nobonobo/spago v1.0.1/go.mod h1:ZPTMMKJfVDzBgEgWIalYx9DxMYbux4Vw4rE/nWy7xBw=
github.com/nobonobo/spago v1.0.2 h1:PTJGo2C+OAWPIS3SqG1+lAelwZ8I+BGgDLKH3c8HiuM=
github.com/nobonobo/spago v1.0.2/go.mod h1:ZPTMMKJfVDzBgEgWIalYx9DxMYbux4Vw4rE/nWy7xBw=
github.com/nobonobo/supervisorgo v0.0.0-20180309023244-983d800d2a56 h1:dniE5q/TahXw5uKiFMsnqS3j1F2pceoHdwNiqGZsppw=
github.com/nobonobo/supervisorgo v0.0.0-20180309023244-983d800d2a56/go.mod h1:NuDhKklvEhsZHVD617dFo1q6ruWxGUoG8voF4y3DGnM=
golang.org/x/sys v0.0.0-20190204203706-41f3e6584952 h1:FDfvYgoVsA7TTZSbgiqjAbfPbK47CNHdWl3h/PJtii0=
golang.org/x/sys v0.0.0-20190204203706-41f3e6584952/go.mod h1:STP8DvDyc/dI5b8T5hshtkjS+E42TnysNCUPdjciGhY=
